{
  "name": "2024SIS_Team18",
  "lockfileVersion": 3,
  "requires": true,
  "packages": {
    "node_modules/@lit-labs/react": {
      "version": "2.1.3",
      "resolved": "https://registry.npmjs.org/@lit-labs/react/-/react-2.1.3.tgz",
      "integrity": "sha512-OD9h2JynerBQUMNzb563jiVpxfvPF0HjQkKY2mx0lpVYvD7F+rtJpOGz6ek+6ufMidV3i+MPT9SX62OKWHFrQg==",
      "license": "BSD-3-Clause",
      "dependencies": {
        "@lit/react": "^1.0.3"
      }
    },
    "node_modules/@lit/react": {
      "version": "1.0.5",
      "resolved": "https://registry.npmjs.org/@lit/react/-/react-1.0.5.tgz",
      "integrity": "sha512-RSHhrcuSMa4vzhqiTenzXvtQ6QDq3hSPsnHHO3jaPmmvVFeoNNm4DHoQ0zLdKAUvY3wP3tTENSUf7xpyVfrDEA==",
      "license": "BSD-3-Clause",
      "peerDependencies": {
        "@types/react": "17 || 18"
      }
    },
    "node_modules/@microsoft/fetch-event-source": {
      "version": "2.0.1",
      "resolved": "https://registry.npmjs.org/@microsoft/fetch-event-source/-/fetch-event-source-2.0.1.tgz",
      "integrity": "sha512-W6CLUJ2eBMw3Rec70qrsEW0jOm/3twwJv21mrmj2yORiaVmVYGS4sSS5yUwvQc1ZlDLYGPnClVWmUUMagKNsfA==",
      "license": "MIT"
    },
    "node_modules/@types/prop-types": {
      "version": "15.7.12",
      "resolved": "https://registry.npmjs.org/@types/prop-types/-/prop-types-15.7.12.tgz",
      "integrity": "sha512-5zvhXYtRNRluoE/jAp4GVsSduVUzNWKkOZrCDBWYtE7biZywwdC2AcEzg+cSMLFRfVgeAFqpfNabiPjxFddV1Q==",
      "license": "MIT",
      "peer": true
    },
    "node_modules/@types/react": {
      "version": "18.3.5",
      "resolved": "https://registry.npmjs.org/@types/react/-/react-18.3.5.tgz",
      "integrity": "sha512-WeqMfGJLGuLCqHGYRGHxnKrXcTitc6L/nBUWfWPcTarG3t9PsquqUMuVeXZeca+mglY4Vo5GZjCi0A3Or2lnxA==",
      "license": "MIT",
      "peer": true,
      "dependencies": {
        "@types/prop-types": "*",
        "csstype": "^3.0.2"
      }
    },
    "node_modules/argparse": {
      "version": "1.0.10",
      "resolved": "https://registry.npmjs.org/argparse/-/argparse-1.0.10.tgz",
      "integrity": "sha512-o5Roy6tNG4SL/FOkCAN6RzjiakZS25RLYFrcMttJqbdd8BWrnA+fGz57iN5Pb06pvBGvl5gQ0B48dJlslXvoTg==",
      "license": "MIT",
      "dependencies": {
        "sprintf-js": "~1.0.2"
      }
    },
    "node_modules/autolinker": {
      "version": "3.16.2",
      "resolved": "https://registry.npmjs.org/autolinker/-/autolinker-3.16.2.tgz",
      "integrity": "sha512-JiYl7j2Z19F9NdTmirENSUUIIL/9MytEWtmzhfmsKPCp9E+G35Y0UNCMoM9tFigxT59qSc8Ml2dlZXOCVTYwuA==",
      "license": "MIT",
      "dependencies": {
        "tslib": "^2.3.0"
      }
    },
    "node_modules/bowser": {
      "version": "1.9.4",
      "resolved": "https://registry.npmjs.org/bowser/-/bowser-1.9.4.tgz",
      "integrity": "sha512-9IdMmj2KjigRq6oWhmwv1W36pDuA4STQZ8q6YO9um+x07xgYNCD3Oou+WP/3L1HNz7iqythGet3/p4wvc8AAwQ==",
      "license": "MIT"
    },
    "node_modules/browserslist": {
      "version": "1.7.7",
      "resolved": "https://registry.npmjs.org/browserslist/-/browserslist-1.7.7.tgz",
      "integrity": "sha512-qHJblDE2bXVRYzuDetv/wAeHOJyO97+9wxC1cdCtyzgNuSozOyRCiiLaCR1f71AN66lQdVVBipWm63V+a7bPOw==",
      "deprecated": "Browserslist 2 could fail on reading Browserslist >3.0 config used in other tools.",
      "license": "MIT",
      "dependencies": {
        "caniuse-db": "^1.0.30000639",
        "electron-to-chromium": "^1.2.7"
      },
      "bin": {
        "browserslist": "cli.js"
      }
    },
    "node_modules/caniuse-api": {
      "version": "1.6.1",
      "resolved": "https://registry.npmjs.org/caniuse-api/-/caniuse-api-1.6.1.tgz",
      "integrity": "sha512-SBTl70K0PkDUIebbkXrxWqZlHNs0wRgRD6QZ8guctShjbh63gEPfF+Wj0Yw+75f5Y8tSzqAI/NcisYv/cCah2Q==",
      "license": "MIT",
      "dependencies": {
        "browserslist": "^1.3.6",
        "caniuse-db": "^1.0.30000529",
        "lodash.memoize": "^4.1.2",
        "lodash.uniq": "^4.5.0"
      }
    },
    "node_modules/caniuse-db": {
      "version": "1.0.30001655",
      "resolved": "https://registry.npmjs.org/caniuse-db/-/caniuse-db-1.0.30001655.tgz",
      "integrity": "sha512-F9U3J+2WATbKU3e9O9EZqGYLQ80QtSdoDcPdJY16+AqQ92rjbLW5ZOk4aZs3NW/KhhM3QPRiiPuyYfTPcyGbzw==",
      "license": "CC-BY-4.0"
    },
    "node_modules/css-in-js-utils": {
      "version": "2.0.1",
      "resolved": "https://registry.npmjs.org/css-in-js-utils/-/css-in-js-utils-2.0.1.tgz",
      "integrity": "sha512-PJF0SpJT+WdbVVt0AOYp9C8GnuruRlL/UFW7932nLWmFLQTaWEzTBQEx7/hn4BuV+WON75iAViSUJLiU3PKbpA==",
      "license": "MIT",
      "dependencies": {
        "hyphenate-style-name": "^1.0.2",
        "isobject": "^3.0.1"
      }
    },
    "node_modules/css-keyframer": {
      "version": "1.0.1",
      "resolved": "https://registry.npmjs.org/css-keyframer/-/css-keyframer-1.0.1.tgz",
      "integrity": "sha512-phC5sJgNW0Vv8XjHPIUkTAAxUwEh0XaP/4EfE4/SiBPx9zsRl2fzwh5GE2l7/Rgsx2lKFpm56zFSV9l2pu/csQ==",
      "license": "MIT",
      "dependencies": {
        "exenv": "^1.2.1",
        "hyphenate-style-name": "^1.0.2",
        "inline-style-prefixer": "^2.0.5",
        "is-plain-object": "^2.0.1"
      }
    },
    "node_modules/css-keyframer/node_modules/inline-style-prefixer": {
      "version": "2.0.5",
      "resolved": "https://registry.npmjs.org/inline-style-prefixer/-/inline-style-prefixer-2.0.5.tgz",
      "integrity": "sha512-rlgoApaAAv66JeDFqGYaXwglnlxjyIr7RMaFZqJw4opT0WKnZVXhXMC9SAfuMpN7NELPaImUhJmOO3hAamSlfw==",
      "license": "MIT",
      "dependencies": {
        "bowser": "^1.0.0",
        "hyphenate-style-name": "^1.0.1"
      },
      "engines": {
        "node": ">=0.12"
      }
    },
    "node_modules/csstype": {
      "version": "3.1.3",
      "resolved": "https://registry.npmjs.org/csstype/-/csstype-3.1.3.tgz",
      "integrity": "sha512-M1uQkMl8rQK/szD0LNhtqxIPLpimGm8sOBwU7lLnCpSbTyY3yeU1Vc7l4KT5zT4s/yOxHH5O7tIuuLOCnLADRw==",
      "license": "MIT",
      "peer": true
    },
    "node_modules/deep-chat": {
      "version": "2.0.1",
      "resolved": "https://registry.npmjs.org/deep-chat/-/deep-chat-2.0.1.tgz",
      "integrity": "sha512-dLzEvRah+lr+Z6MZq/XSkuIJu2jyd38QVdqMeXGy2WKJQGmBnFZOK/m+F+hsLm9nz2MSfnMYXxGitQI4SNzBcQ==",
      "license": "MIT",
      "dependencies": {
        "@microsoft/fetch-event-source": "^2.0.1",
        "remarkable": "^2.0.1",
        "speech-to-element": "^0.1.66"
      }
    },
    "node_modules/deep-chat-react": {
      "version": "2.0.1",
      "resolved": "https://registry.npmjs.org/deep-chat-react/-/deep-chat-react-2.0.1.tgz",
      "integrity": "sha512-oq3ztyhwgPemvJ+LAP2Zbb8rBFty41TlxtCE6bpzGx60mv3tEXd9DvmcI+CQWPDcYRonJLu0tMNxKVwTlY3Ybg==",
      "license": "MIT",
      "dependencies": {
        "@lit-labs/react": "^2.1.3",
        "deep-chat": "2.0.1"
      },
      "peerDependencies": {
        "react": ">=16.8.0 || >=17.0.0 || >=18.0.0"
      }
    },
    "node_modules/electron-to-chromium": {
      "version": "1.5.13",
      "resolved": "https://registry.npmjs.org/electron-to-chromium/-/electron-to-chromium-1.5.13.tgz",
      "integrity": "sha512-lbBcvtIJ4J6sS4tb5TLp1b4LyfCdMkwStzXPyAgVgTRAsep4bvrAGaBOP7ZJtQMNJpSQ9SqG4brWOroNaQtm7Q==",
      "license": "ISC"
    },
    "node_modules/exenv": {
      "version": "1.2.2",
      "resolved": "https://registry.npmjs.org/exenv/-/exenv-1.2.2.tgz",
      "integrity": "sha512-Z+ktTxTwv9ILfgKCk32OX3n/doe+OcLTRtqK9pcL+JsP3J1/VW8Uvl4ZjLlKqeW4rzK4oesDOGMEMRIZqtP4Iw==",
      "license": "BSD-3-Clause"
    },
    "node_modules/hyphenate-style-name": {
      "version": "1.1.0",
      "resolved": "https://registry.npmjs.org/hyphenate-style-name/-/hyphenate-style-name-1.1.0.tgz",
      "integrity": "sha512-WDC/ui2VVRrz3jOVi+XtjqkDjiVjTtFaAGiW37k6b+ohyQ5wYDOGkvCZa8+H0nx3gyvv0+BST9xuOgIyGQ00gw==",
      "license": "BSD-3-Clause"
    },
    "node_modules/inline-style-prefixer": {
      "version": "3.0.8",
      "resolved": "https://registry.npmjs.org/inline-style-prefixer/-/inline-style-prefixer-3.0.8.tgz",
      "integrity": "sha512-ne8XIyyqkRaNJ1JfL1NYzNdCNxq+MCBQhC8NgOQlzNm2vv3XxlP0VSLQUbSRCF6KPEoveCVEpayHoHzcMyZsMQ==",
      "license": "MIT",
      "dependencies": {
        "bowser": "^1.7.3",
        "css-in-js-utils": "^2.0.0"
      }
    },
    "node_modules/is-plain-object": {
      "version": "2.0.4",
      "resolved": "https://registry.npmjs.org/is-plain-object/-/is-plain-object-2.0.4.tgz",
      "integrity": "sha512-h5PpgXkWitc38BBMYawTYMWJHFZJVnBquFE57xFpjB8pJFiF6gZ+bU+WyI/yqXiFR5mdLsgYNaPe8uao6Uv9Og==",
      "license": "MIT",
      "dependencies": {
        "isobject": "^3.0.1"
      },
      "engines": {
        "node": ">=0.10.0"
      }
    },
    "node_modules/isobject": {
      "version": "3.0.1",
      "resolved": "https://registry.npmjs.org/isobject/-/isobject-3.0.1.tgz",
      "integrity": "sha512-WhB9zCku7EGTj/HQQRz5aUQEUeoQZH2bWcltRErOpymJ4boYE6wL9Tbr23krRPSZ+C5zqNSrSw+Cc7sZZ4b7vg==",
      "license": "MIT",
      "engines": {
        "node": ">=0.10.0"
      }
    },
    "node_modules/js-tokens": {
      "version": "4.0.0",
      "resolved": "https://registry.npmjs.org/js-tokens/-/js-tokens-4.0.0.tgz",
      "integrity": "sha512-RdJUflcE3cUzKiMqQgsCu06FPu9UdIJO0beYbPhHN4k6apgJtifcoCtT9bcxOpYBtpD2kCM6Sbzg4CausW/PKQ==",
      "license": "MIT"
    },
    "node_modules/lodash.memoize": {
      "version": "4.1.2",
      "resolved": "https://registry.npmjs.org/lodash.memoize/-/lodash.memoize-4.1.2.tgz",
      "integrity": "sha512-t7j+NzmgnQzTAYXcsHYLgimltOV1MXHtlOWf6GjL9Kj8GK5FInw5JotxvbOs+IvV1/Dzo04/fCGfLVs7aXb4Ag==",
      "license": "MIT"
    },
    "node_modules/lodash.uniq": {
      "version": "4.5.0",
      "resolved": "https://registry.npmjs.org/lodash.uniq/-/lodash.uniq-4.5.0.tgz",
      "integrity": "sha512-xfBaXQd9ryd9dlSDvnvI0lvxfLJlYAZzXomUYzLKtUeOQvOP5piqAWuGtrhWeqaXK9hhoM/iyJc5AV+XfsX3HQ==",
      "license": "MIT"
    },
    "node_modules/loose-envify": {
      "version": "1.4.0",
      "resolved": "https://registry.npmjs.org/loose-envify/-/loose-envify-1.4.0.tgz",
      "integrity": "sha512-lyuxPGr/Wfhrlem2CL/UcnUc1zcqKAImBDzukY7Y5F/yQiNdko6+fRLevlw1HgMySw7f611UIY408EtxRSoK3Q==",
      "license": "MIT",
      "dependencies": {
        "js-tokens": "^3.0.0 || ^4.0.0"
      },
      "bin": {
        "loose-envify": "cli.js"
      }
    },
    "node_modules/object-assign": {
      "version": "4.1.1",
      "resolved": "https://registry.npmjs.org/object-assign/-/object-assign-4.1.1.tgz",
      "integrity": "sha512-rJgTQnkUnH1sFw8yT6VSU3zD3sWmu6sZhIseY8VX+GRu3P6F7Fu+JNDoXfklElbLJSnc3FUQHVe4cU5hj+BcUg==",
      "license": "MIT",
      "engines": {
        "node": ">=0.10.0"
      }
    },
    "node_modules/prop-types": {
      "version": "15.8.1",
      "resolved": "https://registry.npmjs.org/prop-types/-/prop-types-15.8.1.tgz",
      "integrity": "sha512-oj87CgZICdulUohogVAR7AjlC0327U4el4L6eAvOqCeudMDVU0NThNaV+b9Df4dXgSP1gXMTnPdhfe/2qDH5cg==",
      "license": "MIT",
      "dependencies": {
        "loose-envify": "^1.4.0",
        "object-assign": "^4.1.1",
        "react-is": "^16.13.1"
      }
    },
    "node_modules/react": {
      "version": "16.14.0",
      "resolved": "https://registry.npmjs.org/react/-/react-16.14.0.tgz",
      "integrity": "sha512-0X2CImDkJGApiAlcf0ODKIneSwBPhqJawOa5wCtKbu7ZECrmS26NvtSILynQ66cgkT/RJ4LidJOc3bUESwmU8g==",
      "license": "MIT",
      "peer": true,
      "dependencies": {
        "loose-envify": "^1.1.0",
        "object-assign": "^4.1.1",
        "prop-types": "^15.6.2"
      },
      "engines": {
        "node": ">=0.10.0"
      }
    },
    "node_modules/react-chatbox-component": {
      "version": "0.0.5",
      "resolved": "https://registry.npmjs.org/react-chatbox-component/-/react-chatbox-component-0.0.5.tgz",
      "integrity": "sha512-V/+uaLJv4VXfYdkCvi1XcdKdkPINJPZrytZRfDoqbG067bmhU0770hY173ngZPFQ7cxF0CBQnglH4tmigEvzRw==",
      "license": "MIT",
      "dependencies": {
        "react-md-spinner": "^0.4.0"
      },
      "peerDependencies": {
        "react": "^16.3.2",
        "react-dom": "^16.3.2"
      }
    },
    "node_modules/react-dom": {
      "version": "16.14.0",
      "resolved": "https://registry.npmjs.org/react-dom/-/react-dom-16.14.0.tgz",
      "integrity": "sha512-1gCeQXDLoIqMgqD3IO2Ah9bnf0w9kzhwN5q4FGnHZ67hBm9yePzB5JJAIQCc8x3pFnNlwFq4RidZggNAAkzWWw==",
      "license": "MIT",
      "peer": true,
      "dependencies": {
        "loose-envify": "^1.1.0",
        "object-assign": "^4.1.1",
        "prop-types": "^15.6.2",
        "scheduler": "^0.19.1"
      },
      "peerDependencies": {
        "react": "^16.14.0"
      }
    },
    "node_modules/react-is": {
      "version": "16.13.1",
      "resolved": "https://registry.npmjs.org/react-is/-/react-is-16.13.1.tgz",
      "integrity": "sha512-24e6ynE2H+OKt4kqsOvNd8kBpV65zoxbA4BVsEOB3ARVWQki/DHzaUoC5KuON/BiccDaCCTZBuOcfZs70kR8bQ==",
      "license": "MIT"
    },
    "node_modules/react-md-spinner": {
      "version": "0.4.0",
      "resolved": "https://registry.npmjs.org/react-md-spinner/-/react-md-spinner-0.4.0.tgz",
      "integrity": "sha512-5I+mZOhQuBcjdgb0ciLOSwyq+RTQGmYQm+HgXPbXXH4lG7lGctO4dzwi38V4uYRIy7POWwFJX0CpueFNqts1Qg==",
      "license": "MIT",
      "dependencies": {
        "caniuse-api": "^1.6.1",
        "css-keyframer": "1.0.1",
        "exenv": "^1.2.1",
        "inline-style-prefixer": "^3.0.3",
        "prop-types": "^15.5.8"
      },
      "peerDependencies": {
        "react": ">=15.3.0",
        "react-dom": ">=15.3.0"
      }
    },
    "node_modules/remarkable": {
      "version": "2.0.1",
      "resolved": "https://registry.npmjs.org/remarkable/-/remarkable-2.0.1.tgz",
      "integrity": "sha512-YJyMcOH5lrR+kZdmB0aJJ4+93bEojRZ1HGDn9Eagu6ibg7aVZhc3OWbbShRid+Q5eAfsEqWxpe+g5W5nYNfNiA==",
      "license": "MIT",
      "dependencies": {
        "argparse": "^1.0.10",
        "autolinker": "^3.11.0"
      },
      "bin": {
        "remarkable": "bin/remarkable.js"
      },
      "engines": {
        "node": ">= 6.0.0"
      }
    },
    "node_modules/scheduler": {
      "version": "0.19.1",
      "resolved": "https://registry.npmjs.org/scheduler/-/scheduler-0.19.1.tgz",
      "integrity": "sha512-n/zwRWRYSUj0/3g/otKDRPMh6qv2SYMWNq85IEa8iZyAv8od9zDYpGSnpBEjNgcMNq6Scbu5KfIPxNF72R/2EA==",
      "license": "MIT",
      "peer": true,
      "dependencies": {
        "loose-envify": "^1.1.0",
        "object-assign": "^4.1.1"
      }
    },
    "node_modules/speech-to-element": {
      "version": "0.1.66",
      "resolved": "https://registry.npmjs.org/speech-to-element/-/speech-to-element-0.1.66.tgz",
      "integrity": "sha512-tHDZ8ttFCsXtQLgWHDDVVTGuiCGWqkxRoIGLygBbU0DUsod2Ho89fws7OeCHpGOeDL9s5rBVpEqj45BsEIKy+Q==",
      "license": "ISC"
    },
    "node_modules/sprintf-js": {
      "version": "1.0.3",
      "resolved": "https://registry.npmjs.org/sprintf-js/-/sprintf-js-1.0.3.tgz",
      "integrity": "sha512-D9cPgkvLlV3t3IzL0D0YLvGA9Ahk4PcvVwUbN0dSGr1aP0Nrt4AEnTUbuGvquEC0mA64Gqt1fzirlRs5ibXx8g==",
      "license": "BSD-3-Clause"
    },
    "node_modules/tslib": {
      "version": "2.7.0",
      "resolved": "https://registry.npmjs.org/tslib/-/tslib-2.7.0.tgz",
      "integrity": "sha512-gLXCKdN1/j47AiHiOkJN69hJmcbGTHI0ImLmbYLHykhgeN0jVGola9yVjFgzCUklsZQMW55o+dW7IXv3RCXDzA==",
      "license": "0BSD"
    }
  }
}
